// !$*UTF8*$!
{
	archiveVersion = 1;
	classes = {
	};
	objectVersion = 48;
	objects = {

/* Begin PBXBuildFile section */
		3132500A22F45F9E007E55C7 /* AppDelegate.swift in Sources */ = {isa = PBXBuildFile; fileRef = 3132500922F45F9E007E55C7 /* AppDelegate.swift */; };
		3132500C22F45F9E007E55C7 /* ViewController.swift in Sources */ = {isa = PBXBuildFile; fileRef = 3132500B22F45F9E007E55C7 /* ViewController.swift */; };
		3132500F22F45F9E007E55C7 /* Main.storyboard in Resources */ = {isa = PBXBuildFile; fileRef = 3132500D22F45F9E007E55C7 /* Main.storyboard */; };
		3132501122F45F9E007E55C7 /* Assets.xcassets in Resources */ = {isa = PBXBuildFile; fileRef = 3132501022F45F9E007E55C7 /* Assets.xcassets */; };
		3132501422F45F9E007E55C7 /* LaunchScreen.storyboard in Resources */ = {isa = PBXBuildFile; fileRef = 3132501222F45F9E007E55C7 /* LaunchScreen.storyboard */; };
		3132501F22F45F9F007E55C7 /* loopsTests.swift in Sources */ = {isa = PBXBuildFile; fileRef = 3132501E22F45F9F007E55C7 /* loopsTests.swift */; };
		3132502A22F45F9F007E55C7 /* loopsUITests.swift in Sources */ = {isa = PBXBuildFile; fileRef = 3132502922F45F9F007E55C7 /* loopsUITests.swift */; };
/* End PBXBuildFile section */

/* Begin PBXContainerItemProxy section */
		3132501B22F45F9E007E55C7 /* PBXContainerItemProxy */ = {
			isa = PBXContainerItemProxy;
			containerPortal = 31324FFE22F45F9E007E55C7 /* Project object */;
			proxyType = 1;
			remoteGlobalIDString = 3132500522F45F9E007E55C7;
			remoteInfo = loops;
		};
		3132502622F45F9F007E55C7 /* PBXContainerItemProxy */ = {
			isa = PBXContainerItemProxy;
			containerPortal = 31324FFE22F45F9E007E55C7 /* Project object */;
			proxyType = 1;
			remoteGlobalIDString = 3132500522F45F9E007E55C7;
			remoteInfo = loops;
		};
/* End PBXContainerItemProxy section */

/* Begin PBXFileReference section */
		3132500622F45F9E007E55C7 /* loops.app */ = {isa = PBXFileReference; explicitFileType = wrapper.application; includeInIndex = 0; path = loops.app; sourceTree = BUILT_PRODUCTS_DIR; };
		3132500922F45F9E007E55C7 /* AppDelegate.swift */ = {isa = PBXFileReference; lastKnownFileType = sourcecode.swift; path = AppDelegate.swift; sourceTree = "<group>"; };
		3132500B22F45F9E007E55C7 /* ViewController.swift */ = {isa = PBXFileReference; lastKnownFileType = sourcecode.swift; path = ViewController.swift; sourceTree = "<group>"; };
		3132500E22F45F9E007E55C7 /* Base */ = {isa = PBXFileReference; lastKnownFileType = file.storyboard; name = Base; path = Base.lproj/Main.storyboard; sourceTree = "<group>"; };
		3132501022F45F9E007E55C7 /* Assets.xcassets */ = {isa = PBXFileReference; lastKnownFileType = folder.assetcatalog; path = Assets.xcassets; sourceTree = "<group>"; };
		3132501322F45F9E007E55C7 /* Base */ = {isa = PBXFileReference; lastKnownFileType = file.storyboard; name = Base; path = Base.lproj/LaunchScreen.storyboard; sourceTree = "<group>"; };
		3132501522F45F9E007E55C7 /* Info.plist */ = {isa = PBXFileReference; lastKnownFileType = text.plist.xml; path = Info.plist; sourceTree = "<group>"; };
		3132501A22F45F9E007E55C7 /* loopsTests.xctest */ = {isa = PBXFileReference; explicitFileType = wrapper.cfbundle; includeInIndex = 0; path = loopsTests.xctest; sourceTree = BUILT_PRODUCTS_DIR; };
		3132501E22F45F9F007E55C7 /* loopsTests.swift */ = {isa = PBXFileReference; lastKnownFileType = sourcecode.swift; path = loopsTests.swift; sourceTree = "<group>"; };
		3132502022F45F9F007E55C7 /* Info.plist */ = {isa = PBXFileReference; lastKnownFileType = text.plist.xml; path = Info.plist; sourceTree = "<group>"; };
		3132502522F45F9F007E55C7 /* loopsUITests.xctest */ = {isa = PBXFileReference; explicitFileType = wrapper.cfbundle; includeInIndex = 0; path = loopsUITests.xctest; sourceTree = BUILT_PRODUCTS_DIR; };
		3132502922F45F9F007E55C7 /* loopsUITests.swift */ = {isa = PBXFileReference; lastKnownFileType = sourcecode.swift; path = loopsUITests.swift; sourceTree = "<group>"; };
		3132502B22F45F9F007E55C7 /* Info.plist */ = {isa = PBXFileReference; lastKnownFileType = text.plist.xml; path = Info.plist; sourceTree = "<group>"; };
/* End PBXFileReference section */

/* Begin PBXFrameworksBuildPhase section */
		3132500322F45F9E007E55C7 /* Frameworks */ = {
			isa = PBXFrameworksBuildPhase;
			buildActionMask = 2147483647;
			files = (
			);
			runOnlyForDeploymentPostprocessing = 0;
		};
		3132501722F45F9E007E55C7 /* Frameworks */ = {
			isa = PBXFrameworksBuildPhase;
			buildActionMask = 2147483647;
			files = (
			);
			runOnlyForDeploymentPostprocessing = 0;
		};
		3132502222F45F9F007E55C7 /* Frameworks */ = {
			isa = PBXFrameworksBuildPhase;
			buildActionMask = 2147483647;
			files = (
			);
			runOnlyForDeploymentPostprocessing = 0;
		};
/* End PBXFrameworksBuildPhase section */

/* Begin PBXGroup section */
		31324FFD22F45F9E007E55C7 = {
			isa = PBXGroup;
			children = (
				3132500822F45F9E007E55C7 /* loops */,
				3132501D22F45F9E007E55C7 /* loopsTests */,
				3132502822F45F9F007E55C7 /* loopsUITests */,
				3132500722F45F9E007E55C7 /* Products */,
			);
			sourceTree = "<group>";
		};
		3132500722F45F9E007E55C7 /* Products */ = {
			isa = PBXGroup;
			children = (
				3132500622F45F9E007E55C7 /* loops.app */,
				3132501A22F45F9E007E55C7 /* loopsTests.xctest */,
				3132502522F45F9F007E55C7 /* loopsUITests.xctest */,
			);
			name = Products;
			sourceTree = "<group>";
		};
		3132500822F45F9E007E55C7 /* loops */ = {
			isa = PBXGroup;
			children = (
				3132500922F45F9E007E55C7 /* AppDelegate.swift */,
				3132500B22F45F9E007E55C7 /* ViewController.swift */,
				3132500D22F45F9E007E55C7 /* Main.storyboard */,
				3132501022F45F9E007E55C7 /* Assets.xcassets */,
				3132501222F45F9E007E55C7 /* LaunchScreen.storyboard */,
				3132501522F45F9E007E55C7 /* Info.plist */,
			);
			path = loops;
			sourceTree = "<group>";
		};
		3132501D22F45F9E007E55C7 /* loopsTests */ = {
			isa = PBXGroup;
			children = (
				3132501E22F45F9F007E55C7 /* loopsTests.swift */,
				3132502022F45F9F007E55C7 /* Info.plist */,
			);
			path = loopsTests;
			sourceTree = "<group>";
		};
		3132502822F45F9F007E55C7 /* loopsUITests */ = {
			isa = PBXGroup;
			children = (
				3132502922F45F9F007E55C7 /* loopsUITests.swift */,
				3132502B22F45F9F007E55C7 /* Info.plist */,
			);
			path = loopsUITests;
			sourceTree = "<group>";
		};
/* End PBXGroup section */

/* Begin PBXNativeTarget section */
		3132500522F45F9E007E55C7 /* loops */ = {
			isa = PBXNativeTarget;
			buildConfigurationList = 3132502E22F45F9F007E55C7 /* Build configuration list for PBXNativeTarget "loops" */;
			buildPhases = (
				3132500222F45F9E007E55C7 /* Sources */,
				3132500322F45F9E007E55C7 /* Frameworks */,
				3132500422F45F9E007E55C7 /* Resources */,
			);
			buildRules = (
			);
			dependencies = (
			);
			name = loops;
			productName = loops;
			productReference = 3132500622F45F9E007E55C7 /* loops.app */;
			productType = "com.apple.product-type.application";
		};
		3132501922F45F9E007E55C7 /* loopsTests */ = {
			isa = PBXNativeTarget;
			buildConfigurationList = 3132503122F45F9F007E55C7 /* Build configuration list for PBXNativeTarget "loopsTests" */;
			buildPhases = (
				3132501622F45F9E007E55C7 /* Sources */,
				3132501722F45F9E007E55C7 /* Frameworks */,
				3132501822F45F9E007E55C7 /* Resources */,
			);
			buildRules = (
			);
			dependencies = (
				3132501C22F45F9E007E55C7 /* PBXTargetDependency */,
			);
			name = loopsTests;
			productName = loopsTests;
			productReference = 3132501A22F45F9E007E55C7 /* loopsTests.xctest */;
			productType = "com.apple.product-type.bundle.unit-test";
		};
		3132502422F45F9F007E55C7 /* loopsUITests */ = {
			isa = PBXNativeTarget;
			buildConfigurationList = 3132503422F45F9F007E55C7 /* Build configuration list for PBXNativeTarget "loopsUITests" */;
			buildPhases = (
				3132502122F45F9F007E55C7 /* Sources */,
				3132502222F45F9F007E55C7 /* Frameworks */,
				3132502322F45F9F007E55C7 /* Resources */,
			);
			buildRules = (
			);
			dependencies = (
				3132502722F45F9F007E55C7 /* PBXTargetDependency */,
			);
			name = loopsUITests;
			productName = loopsUITests;
			productReference = 3132502522F45F9F007E55C7 /* loopsUITests.xctest */;
			productType = "com.apple.product-type.bundle.ui-testing";
		};
/* End PBXNativeTarget section */

/* Begin PBXProject section */
		31324FFE22F45F9E007E55C7 /* Project object */ = {
			isa = PBXProject;
			attributes = {
				LastSwiftUpdateCheck = 0920;
				LastUpgradeCheck = 0920;
				ORGANIZATIONNAME = "R Shantha Kumar";
				TargetAttributes = {
					3132500522F45F9E007E55C7 = {
						CreatedOnToolsVersion = 9.2;
						ProvisioningStyle = Automatic;
					};
					3132501922F45F9E007E55C7 = {
						CreatedOnToolsVersion = 9.2;
						ProvisioningStyle = Automatic;
						TestTargetID = 3132500522F45F9E007E55C7;
					};
					3132502422F45F9F007E55C7 = {
						CreatedOnToolsVersion = 9.2;
						ProvisioningStyle = Automatic;
						TestTargetID = 3132500522F45F9E007E55C7;
					};
				};
			};
			buildConfigurationList = 3132500122F45F9E007E55C7 /* Build configuration list for PBXProject "loops" */;
			compatibilityVersion = "Xcode 8.0";
			developmentRegion = en;
			hasScannedForEncodings = 0;
			knownRegions = (
				en,
				Base,
			);
			mainGroup = 31324FFD22F45F9E007E55C7;
			productRefGroup = 3132500722F45F9E007E55C7 /* Products */;
			projectDirPath = "";
			projectRoot = "";
			targets = (
				3132500522F45F9E007E55C7 /* loops */,
				3132501922F45F9E007E55C7 /* loopsTests */,
				3132502422F45F9F007E55C7 /* loopsUITests */,
			);
		};
/* End PBXProject section */

/* Begin PBXResourcesBuildPhase section */
		3132500422F45F9E007E55C7 /* Resources */ = {
			isa = PBXResourcesBuildPhase;
			buildActionMask = 2147483647;
			files = (
				3132501422F45F9E007E55C7 /* LaunchScreen.storyboard in Resources */,
				3132501122F45F9E007E55C7 /* Assets.xcassets in Resources */,
				3132500F22F45F9E007E55C7 /* Main.storyboard in Resources */,
			);
			runOnlyForDeploymentPostprocessing = 0;
		};
		3132501822F45F9E007E55C7 /* Resources */ = {
			isa = PBXResourcesBuildPhase;
			buildActionMask = 2147483647;
			files = (
			);
			runOnlyForDeploymentPostprocessing = 0;
		};
		3132502322F45F9F007E55C7 /* Resources */ = {
			isa = PBXResourcesBuildPhase;
			buildActionMask = 2147483647;
			files = (
			);
			runOnlyForDeploymentPostprocessing = 0;
		};
/* End PBXResourcesBuildPhase section */

/* Begin PBXSourcesBuildPhase section */
		3132500222F45F9E007E55C7 /* Sources */ = {
			isa = PBXSourcesBuildPhase;
			buildActionMask = 2147483647;
			files = (
				3132500C22F45F9E007E55C7 /* ViewController.swift in Sources */,
				3132500A22F45F9E007E55C7 /* AppDelegate.swift in Sources */,
			);
			runOnlyForDeploymentPostprocessing = 0;
		};
		3132501622F45F9E007E55C7 /* Sources */ = {
			isa = PBXSourcesBuildPhase;
			buildActionMask = 2147483647;
			files = (
				3132501F22F45F9F007E55C7 /* loopsTests.swift in Sources */,
			);
			runOnlyForDeploymentPostprocessing = 0;
		};
		3132502122F45F9F007E55C7 /* Sources */ = {
			isa = PBXSourcesBuildPhase;
			buildActionMask = 2147483647;
			files = (
				3132502A22F45F9F007E55C7 /* loopsUITests.swift in Sources */,
			);
			runOnlyForDeploymentPostprocessing = 0;
		};
/* End PBXSourcesBuildPhase section */

/* Begin PBXTargetDependency section */
		3132501C22F45F9E007E55C7 /* PBXTargetDependency */ = {
			isa = PBXTargetDependency;
			target = 3132500522F45F9E007E55C7 /* loops */;
			targetProxy = 3132501B22F45F9E007E55C7 /* PBXContainerItemProxy */;
		};
		3132502722F45F9F007E55C7 /* PBXTargetDependency */ = {
			isa = PBXTargetDependency;
			target = 3132500522F45F9E007E55C7 /* loops */;
			targetProxy = 3132502622F45F9F007E55C7 /* PBXContainerItemProxy */;
		};
/* End PBXTargetDependency section */

/* Begin PBXVariantGroup section */
		3132500D22F45F9E007E55C7 /* Main.storyboard */ = {
			isa = PBXVariantGroup;
			children = (
				3132500E22F45F9E007E55C7 /* Base */,
			);
			name = Main.storyboard;
			sourceTree = "<group>";
		};
		3132501222F45F9E007E55C7 /* LaunchScreen.storyboard */ = {
			isa = PBXVariantGroup;
			children = (
				3132501322F45F9E007E55C7 /* Base */,
			);
			name = LaunchScreen.storyboard;
			sourceTree = "<group>";
		};
/* End PBXVariantGroup section */

/* Begin XCBuildConfiguration section */
		3132502C22F45F9F007E55C7 /* Debug */ = {
			isa = XCBuildConfiguration;
			buildSettings = {
				ALWAYS_SEARCH_USER_PATHS = NO;
				CLANG_ANALYZER_NONNULL = YES;
				CLANG_ANALYZER_NUMBER_OBJECT_CONVERSION = YES_AGGRESSIVE;
				CLANG_CXX_LANGUAGE_STANDARD = "gnu++14";
				CLANG_CXX_LIBRARY = "libc++";
				CLANG_ENABLE_MODULES = YES;
				CLANG_ENABLE_OBJC_ARC = YES;
				CLANG_WARN_BLOCK_CAPTURE_AUTORELEASING = YES;
				CLANG_WARN_BOOL_CONVERSION = YES;
				CLANG_WARN_COMMA = YES;
				CLANG_WARN_CONSTANT_CONVERSION = YES;
				CLANG_WARN_DIRECT_OBJC_ISA_USAGE = YES_ERROR;
				CLANG_WARN_DOCUMENTATION_COMMENTS = YES;
				CLANG_WARN_EMPTY_BODY = YES;
				CLANG_WARN_ENUM_CONVERSION = YES;
				CLANG_WARN_INFINITE_RECURSION = YES;
				CLANG_WARN_INT_CONVERSION = YES;
				CLANG_WARN_NON_LITERAL_NULL_CONVERSION = YES;
				CLANG_WARN_OBJC_LITERAL_CONVERSION = YES;
				CLANG_WARN_OBJC_ROOT_CLASS = YES_ERROR;
				CLANG_WARN_RANGE_LOOP_ANALYSIS = YES;
				CLANG_WARN_STRICT_PROTOTYPES = YES;
				CLANG_WARN_SUSPICIOUS_MOVE = YES;
				CLANG_WARN_UNGUARDED_AVAILABILITY = YES_AGGRESSIVE;
				CLANG_WARN_UNREACHABLE_CODE = YES;
				CLANG_WARN__DUPLICATE_METHOD_MATCH = YES;
				CODE_SIGN_IDENTITY = "iPhone Developer";
				COPY_PHASE_STRIP = NO;
				DEBUG_INFORMATION_FORMAT = dwarf;
				ENABLE_STRICT_OBJC_MSGSEND = YES;
				ENABLE_TESTABILITY = YES;
				GCC_C_LANGUAGE_STANDARD = gnu11;
				GCC_DYNAMIC_NO_PIC = NO;
				GCC_NO_COMMON_BLOCKS = YES;
				GCC_OPTIMIZATION_LEVEL = 0;
				GCC_PREPROCESSOR_DEFINITIONS = (
					"DEBUG=1",
					"$(inherited)",
				);
				GCC_WARN_64_TO_32_BIT_CONVERSION = YES;
				GCC_WARN_ABOUT_RETURN_TYPE = YES_ERROR;
				GCC_WARN_UNDECLARED_SELECTOR = YES;
				GCC_WARN_UNINITIALIZED_AUTOS = YES_AGGRESSIVE;
				GCC_WARN_UNUSED_FUNCTION = YES;
				GCC_WARN_UNUSED_VARIABLE = YES;
				IPHONEOS_DEPLOYMENT_TARGET = 11.2;
				MTL_ENABLE_DEBUG_INFO = YES;
				ONLY_ACTIVE_ARCH = YES;
				SDKROOT = iphoneos;
				SWIFT_ACTIVE_COMPILATION_CONDITIONS = DEBUG;
				SWIFT_OPTIMIZATION_LEVEL = "-Onone";
			};
			name = Debug;
		};
		3132502D22F45F9F007E55C7 /* Release */ = {
			isa = XCBuildConfiguration;
			buildSettings = {
				ALWAYS_SEARCH_USER_PATHS = NO;
				CLANG_ANALYZER_NONNULL = YES;
				CLANG_ANALYZER_NUMBER_OBJECT_CONVERSION = YES_AGGRESSIVE;
				CLANG_CXX_LANGUAGE_STANDARD = "gnu++14";
				CLANG_CXX_LIBRARY = "libc++";
				CLANG_ENABLE_MODULES = YES;
				CLANG_ENABLE_OBJC_ARC = YES;
				CLANG_WARN_BLOCK_CAPTURE_AUTORELEASING = YES;
				CLANG_WARN_BOOL_CONVERSION = YES;
				CLANG_WARN_COMMA = YES;
				CLANG_WARN_CONSTANT_CONVERSION = YES;
				CLANG_WARN_DIRECT_OBJC_ISA_USAGE = YES_ERROR;
				CLANG_WARN_DOCUMENTATION_COMMENTS = YES;
				CLANG_WARN_EMPTY_BODY = YES;
				CLANG_WARN_ENUM_CONVERSION = YES;
				CLANG_WARN_INFINITE_RECURSION = YES;
				CLANG_WARN_INT_CONVERSION = YES;
				CLANG_WARN_NON_LITERAL_NULL_CONVERSION = YES;
				CLANG_WARN_OBJC_LITERAL_CONVERSION = YES;
				CLANG_WARN_OBJC_ROOT_CLASS = YES_ERROR;
				CLANG_WARN_RANGE_LOOP_ANALYSIS = YES;
				CLANG_WARN_STRICT_PROTOTYPES = YES;
				CLANG_WARN_SUSPICIOUS_MOVE = YES;
				CLANG_WARN_UNGUARDED_AVAILABILITY = YES_AGGRESSIVE;
				CLANG_WARN_UNREACHABLE_CODE = YES;
				CLANG_WARN__DUPLICATE_METHOD_MATCH = YES;
				CODE_SIGN_IDENTITY = "iPhone Developer";
				COPY_PHASE_STRIP = NO;
				DEBUG_INFORMATION_FORMAT = "dwarf-with-dsym";
				ENABLE_NS_ASSERTIONS = NO;
				ENABLE_STRICT_OBJC_MSGSEND = YES;
				GCC_C_LANGUAGE_STANDARD = gnu11;
				GCC_NO_COMMON_BLOCKS = YES;
				GCC_WARN_64_TO_32_BIT_CONVERSION = YES;
				GCC_WARN_ABOUT_RETURN_TYPE = YES_ERROR;
				GCC_WARN_UNDECLARED_SELECTOR = YES;
				GCC_WARN_UNINITIALIZED_AUTOS = YES_AGGRESSIVE;
				GCC_WARN_UNUSED_FUNCTION = YES;
				GCC_WARN_UNUSED_VARIABLE = YES;
				IPHONEOS_DEPLOYMENT_TARGET = 11.2;
				MTL_ENABLE_DEBUG_INFO = NO;
				SDKROOT = iphoneos;
				SWIFT_OPTIMIZATION_LEVEL = "-Owholemodule";
				VALIDATE_PRODUCT = YES;
			};
			name = Release;
		};
		3132502F22F45F9F007E55C7 /* Debug */ = {
			isa = XCBuildConfiguration;
			buildSettings = {
				ASSETCATALOG_COMPILER_APPICON_NAME = AppIcon;
				CODE_SIGN_STYLE = Automatic;
				INFOPLIST_FILE = loops/Info.plist;
				LD_RUNPATH_SEARCH_PATHS = "$(inherited) @executable_path/Frameworks";
				PRODUCT_BUNDLE_IDENTIFIER = shanth.loops;
				PRODUCT_NAME = "$(TARGET_NAME)";
				SWIFT_VERSION = 4.0;
				TARGETED_DEVICE_FAMILY = "1,2";
			};
			name = Debug;
		};
		3132503022F45F9F007E55C7 /* Release */ = {
			isa = XCBuildConfiguration;
			buildSettings = {
				ASSETCATALOG_COMPILER_APPICON_NAME = AppIcon;
				CODE_SIGN_STYLE = Automatic;
				INFOPLIST_FILE = loops/Info.plist;
				LD_RUNPATH_SEARCH_PATHS = "$(inherited) @executable_path/Frameworks";
				PRODUCT_BUNDLE_IDENTIFIER = shanth.loops;
				PRODUCT_NAME = "$(TARGET_NAME)";
				SWIFT_VERSION = 4.0;
				TARGETED_DEVICE_FAMILY = "1,2";
			};
			name = Release;
		};
		3132503222F45F9F007E55C7 /* Debug */ = {
			isa = XCBuildConfiguration;
			buildSettings = {
				ALWAYS_EMBED_SWIFT_STANDARD_LIBRARIES = YES;
				BUNDLE_LOADER = "$(TEST_HOST)";
				CODE_SIGN_STYLE = Automatic;
				INFOPLIST_FILE = loopsTests/Info.plist;
				LD_RUNPATH_SEARCH_PATHS = "$(inherited) @executable_path/Frameworks @loader_path/Frameworks";
				PRODUCT_BUNDLE_IDENTIFIER = shanth.loopsTests;
				PRODUCT_NAME = "$(TARGET_NAME)";
				SWIFT_VERSION = 4.0;
				TARGETED_DEVICE_FAMILY = "1,2";
				TEST_HOST = "$(BUILT_PRODUCTS_DIR)/loops.app/loops";
			};
			name = Debug;
		};
		3132503322F45F9F007E55C7 /* Release */ = {
			isa = XCBuildConfiguration;
			buildSettings = {
				ALWAYS_EMBED_SWIFT_STANDARD_LIBRARIES = YES;
				BUNDLE_LOADER = "$(TEST_HOST)";
				CODE_SIGN_STYLE = Automatic;
				INFOPLIST_FILE = loopsTests/Info.plist;
				LD_RUNPATH_SEARCH_PATHS = "$(inherited) @executable_path/Frameworks @loader_path/Frameworks";
				PRODUCT_BUNDLE_IDENTIFIER = shanth.loopsTests;
				PRODUCT_NAME = "$(TARGET_NAME)";
				SWIFT_VERSION = 4.0;
				TARGETED_DEVICE_FAMILY = "1,2";
				TEST_HOST = "$(BUILT_PRODUCTS_DIR)/loops.app/loops";
			};
			name = Release;
		};
		3132503522F45F9F007E55C7 /* Debug */ = {
			isa = XCBuildConfiguration;
			buildSettings = {
				ALWAYS_EMBED_SWIFT_STANDARD_LIBRARIES = YES;
				CODE_SIGN_STYLE = Automatic;
				INFOPLIST_FILE = loopsUITests/Info.plist;
				LD_RUNPATH_SEARCH_PATHS = "$(inherited) @executable_path/Frameworks @loader_path/Frameworks";
				PRODUCT_BUNDLE_IDENTIFIER = shanth.loopsUITests;
				PRODUCT_NAME = "$(TARGET_NAME)";
				SWIFT_VERSION = 4.0;
				TARGETED_DEVICE_FAMILY = "1,2";
				TEST_TARGET_NAME = loops;
			};
			name = Debug;
		};
		3132503622F45F9F007E55C7 /* Release */ = {
			isa = XCBuildConfiguration;
			buildSettings = {
				ALWAYS_EMBED_SWIFT_STANDARD_LIBRARIES = YES;
				CODE_SIGN_STYLE = Automatic;
				INFOPLIST_FILE = loopsUITests/Info.plist;
				LD_RUNPATH_SEARCH_PATHS = "$(inherited) @executable_path/Frameworks @loader_path/Frameworks";
				PRODUCT_BUNDLE_IDENTIFIER = shanth.loopsUITests;
				PRODUCT_NAME = "$(TARGET_NAME)";
				SWIFT_VERSION = 4.0;
				TARGETED_DEVICE_FAMILY = "1,2";
				TEST_TARGET_NAME = loops;
			};
			name = Release;
		};
/* End XCBuildConfiguration section */

/* Begin XCConfigurationList section */
		3132500122F45F9E007E55C7 /* Build configuration list for PBXProject "loops" */ = {
			isa = XCConfigurationList;
			buildConfigurations = (
				3132502C22F45F9F007E55C7 /* Debug */,
				3132502D22F45F9F007E55C7 /* Release */,
			);
			defaultConfigurationIsVisible = 0;
			defaultConfigurationName = Release;
		};
		3132502E22F45F9F007E55C7 /* Build configuration list for PBXNativeTarget "loops" */ = {
			isa = XCConfigurationList;
			buildConfigurations = (
				3132502F22F45F9F007E55C7 /* Debug */,
				3132503022F45F9F007E55C7 /* Release */,
			);
			defaultConfigurationIsVisible = 0;
			defaultConfigurationName = Release;
		};
		3132503122F45F9F007E55C7 /* Build configuration list for PBXNativeTarget "loopsTests" */ = {
			isa = XCConfigurationList;
			buildConfigurations = (
				3132503222F45F9F007E55C7 /* Debug */,
				3132503322F45F9F007E55C7 /* Release */,
			);
			defaultConfigurationIsVisible = 0;
			defaultConfigurationName = Release;
		};
		3132503422F45F9F007E55C7 /* Build configuration list for PBXNativeTarget "loopsUITests" */ = {
			isa = XCConfigurationList;
			buildConfigurations = (
				3132503522F45F9F007E55C7 /* Debug */,
				3132503622F45F9F007E55C7 /* Release */,
			);
			defaultConfigurationIsVisible = 0;
			defaultConfigurationName = Release;
		};
/* End XCConfigurationList section */
	};
	rootObject = 31324FFE22F45F9E007E55C7 /* Project object */;
}
